
Microsoft Visual Studio Solution File, Format Version 12.00
# Visual Studio 14
VisualStudioVersion = 14.0.25123.0
MinimumVisualStudioVersion = 10.0.40219.1
Project("{FAE04EC0-301F-11D3-BF4B-00C04F79EFBC}") = "BTRS-Client", "BTRS-Client\BTRS-Client.csproj", "{6E73BE28-009A-4E0D-BA58-E14B2248DF8F}"
EndProject
Project("{FAE04EC0-301F-11D3-BF4B-00C04F79EFBC}") = "BTRS-Base", "BTRS-Base\BTRS-Base.csproj", "{05464DBF-2D24-4594-8849-03EAD40F542F}"
EndProject
Global
	GlobalSection(SolutionConfigurationPlatforms) = preSolution
		Debug|Any CPU = Debug|Any CPU
		Release|Any CPU = Release|Any CPU
	EndGlobalSection
	GlobalSection(ProjectConfigurationPlatforms) = postSolution
		{6E73BE28-009A-4E0D-BA58-E14B2248DF8F}.Debug|Any CPU.ActiveCfg = Debug|Any CPU
		{6E73BE28-009A-4E0D-BA58-E14B2248DF8F}.Debug|Any CPU.Build.0 = Debug|Any CPU
		{6E73BE28-009A-4E0D-BA58-E14B2248DF8F}.Release|Any CPU.ActiveCfg = Release|Any CPU
		{6E73BE28-009A-4E0D-BA58-E14B2248DF8F}.Release|Any CPU.Build.0 = Release|Any CPU
		{05464DBF-2D24-4594-8849-03EAD40F542F}.Debug|Any CPU.ActiveCfg = Debug|Any CPU
		{05464DBF-2D24-4594-8849-03EAD40F542F}.Debug|Any CPU.Build.0 = Debug|Any CPU
		{05464DBF-2D24-4594-8849-03EAD40F542F}.Release|Any CPU.ActiveCfg = Release|Any CPU
		{05464DBF-2D24-4594-8849-03EAD40F542F}.Release|Any CPU.Build.0 = Release|Any CPU
	EndGlobalSection
	GlobalSection(SolutionProperties) = preSolution
		HideSolutionNode = FALSE
	EndGlobalSection
	GlobalSection(TeamFoundationVersionControl) = preSolution
		SccNumberOfProjects = 3
		SccEnterpriseProvider = {4CA58AB2-18FA-4F8D-95D4-32DDF27D184C}
		SccTeamFoundationServer = https://rakibhsn.visualstudio.com/
		SccLocalPath0 = .
		SccProjectUniqueName1 = BTRS-Client\\BTRS-Client.csproj
		SccProjectName1 = BTRS-Client
		SccLocalPath1 = BTRS-Client
		SccProjectUniqueName2 = BTRS-Base\\BTRS-Base.csproj
		SccProjectName2 = BTRS-Base
		SccLocalPath2 = BTRS-Base
	EndGlobalSection
EndGlobal
